
Microsoft Visual Studio Solution File, Format Version 12.00
# Visual Studio Version 17
VisualStudioVersion = 17.0.31903.59
MinimumVisualStudioVersion = 10.0.40219.1
Project("{FAE04EC0-301F-11D3-BF4B-00C04F79EFBC}") = "backend", "backend\backend.csproj", "{915C9239-8C3F-4ACD-8A0B-EA395C98059E}"
EndProject
Project("{FAE04EC0-301F-11D3-BF4B-00C04F79EFBC}") = "backend.Tests", "backend.Tests\backend.Tests.csproj", "{C34C2449-7966-4A55-AD1C-3159CC5E684F}"
EndProject
Global
	GlobalSection(SolutionConfigurationPlatforms) = preSolution
		Debug|Any CPU = Debug|Any CPU
		Release|Any CPU = Release|Any CPU
	EndGlobalSection
	GlobalSection(SolutionProperties) = preSolution
		HideSolutionNode = FALSE
	EndGlobalSection
	GlobalSection(ProjectConfigurationPlatforms) = postSolution
		{915C9239-8C3F-4ACD-8A0B-EA395C98059E}.Debug|Any CPU.ActiveCfg = Debug|Any CPU
		{915C9239-8C3F-4ACD-8A0B-EA395C98059E}.Debug|Any CPU.Build.0 = Debug|Any CPU
		{915C9239-8C3F-4ACD-8A0B-EA395C98059E}.Release|Any CPU.ActiveCfg = Release|Any CPU
		{915C9239-8C3F-4ACD-8A0B-EA395C98059E}.Release|Any CPU.Build.0 = Release|Any CPU
		{C34C2449-7966-4A55-AD1C-3159CC5E684F}.Debug|Any CPU.ActiveCfg = Debug|Any CPU
		{C34C2449-7966-4A55-AD1C-3159CC5E684F}.Debug|Any CPU.Build.0 = Debug|Any CPU
		{C34C2449-7966-4A55-AD1C-3159CC5E684F}.Release|Any CPU.ActiveCfg = Release|Any CPU
		{C34C2449-7966-4A55-AD1C-3159CC5E684F}.Release|Any CPU.Build.0 = Release|Any CPU
	EndGlobalSection
EndGlobal
